
Microsoft Visual Studio Solution File, Format Version 12.00
# Visual Studio Version 17
VisualStudioVersion = 17.11.35222.181
MinimumVisualStudioVersion = 10.0.40219.1
Project("{8BC9CEB8-8B4A-11D0-8D11-00A0C91BC942}") = "NextGreaterElement", "NextGreaterElement\NextGreaterElement.vcxproj", "{855AADBA-2584-4C70-B4A7-7BA464CD79F0}"
EndProject
Global
	GlobalSection(SolutionConfigurationPlatforms) = preSolution
		Debug|x64 = Debug|x64
		Debug|x86 = Debug|x86
		Release|x64 = Release|x64
		Release|x86 = Release|x86
	EndGlobalSection
	GlobalSection(ProjectConfigurationPlatforms) = postSolution
		{855AADBA-2584-4C70-B4A7-7BA464CD79F0}.Debug|x64.ActiveCfg = Debug|x64
		{855AADBA-2584-4C70-B4A7-7BA464CD79F0}.Debug|x64.Build.0 = Debug|x64
		{855AADBA-2584-4C70-B4A7-7BA464CD79F0}.Debug|x86.ActiveCfg = Debug|Win32
		{855AADBA-2584-4C70-B4A7-7BA464CD79F0}.Debug|x86.Build.0 = Debug|Win32
		{855AADBA-2584-4C70-B4A7-7BA464CD79F0}.Release|x64.ActiveCfg = Release|x64
		{855AADBA-2584-4C70-B4A7-7BA464CD79F0}.Release|x64.Build.0 = Release|x64
		{855AADBA-2584-4C70-B4A7-7BA464CD79F0}.Release|x86.ActiveCfg = Release|Win32
		{855AADBA-2584-4C70-B4A7-7BA464CD79F0}.Release|x86.Build.0 = Release|Win32
	EndGlobalSection
	GlobalSection(SolutionProperties) = preSolution
		HideSolutionNode = FALSE
	EndGlobalSection
	GlobalSection(ExtensibilityGlobals) = postSolution
		SolutionGuid = {5299B835-2F5F-416F-97F6-62FFC3CD56B6}
	EndGlobalSection
EndGlobal
